
Microsoft Visual Studio Solution File, Format Version 12.00
# Visual Studio Version 17
VisualStudioVersion = 17.14.36202.13 d17.14
MinimumVisualStudioVersion = 10.0.40219.1
Project("{FAE04EC0-301F-11D3-BF4B-00C04F79EFBC}") = "Prakt15", "Prakt15\Prakt15.csproj", "{53CD5398-2072-4926-8443-C735D372761A}"
EndProject
Global
	GlobalSection(SolutionConfigurationPlatforms) = preSolution
		Debug|Any CPU = Debug|Any CPU
		Release|Any CPU = Release|Any CPU
	EndGlobalSection
	GlobalSection(ProjectConfigurationPlatforms) = postSolution
		{53CD5398-2072-4926-8443-C735D372761A}.Debug|Any CPU.ActiveCfg = Debug|Any CPU
		{53CD5398-2072-4926-8443-C735D372761A}.Debug|Any CPU.Build.0 = Debug|Any CPU
		{53CD5398-2072-4926-8443-C735D372761A}.Release|Any CPU.ActiveCfg = Release|Any CPU
		{53CD5398-2072-4926-8443-C735D372761A}.Release|Any CPU.Build.0 = Release|Any CPU
	EndGlobalSection
	GlobalSection(SolutionProperties) = preSolution
		HideSolutionNode = FALSE
	EndGlobalSection
	GlobalSection(ExtensibilityGlobals) = postSolution
		SolutionGuid = {4910F548-0606-4A1E-A1FA-58D1E8E043E8}
	EndGlobalSection
EndGlobal
